version = 1
revision = 3
requires-python = ">=3.12"

[[package]]
name = "click"
version = "8.5.0"
source = { registry = "https://pypi.org/simple" }
sdist = { url = "https://files.pythonhosted.org/packages/c7/0e/7fa0ef50764b67090eca4114772a2abf8b6148198475e54c660b97caeee6/click-8.5.0.tar.gz", hash = "sha256:ba0d2089de75ea0310e2dde03160e6ca10009947fb95a182f9b54021bb272e34", size = 382235, upload-time = "2026-08-26T13:33:14.56Z" }
wheels = [
    { url = "https://files.pythonhosted.org/packages/58/50/6c0d534c5f134586a8e1ba4e330569e32f057e33372ae556463212fb4cd3/click-8.5.0-py3-none-any.whl", hash = "sha256:255bc9599cf7748b4b1a446ccc735421bd08a2ae529a8b88597d3de5664ee360", size = 125251, upload-time = "2026-08-26T13:33:12.928Z" },
]

[[package]]
name = "colorama"
version = "0.4.6"
source = { registry = "https://pypi.org/simple" }
sdist = { url = "https://files.pythonhosted.org/packages/d8/53/6f443c9a4a8358a93a6792e2acffb9d9d5cb0a5cfd8802644b7b1c9a02e4/colorama-0.4.6.tar.gz", hash = "sha256:08695f5cb7ed6e0531a20572697297273c47b8cae5a63ffc6d6ed5c201be6e44", size = 27697, upload-time = "2022-10-25T02:36:22.414Z" }
wheels = [
    { url = "https://files.pythonhosted.org/packages/d1/d6/3965ed04c63042e047cb6a3e6ed1a63a35087b6a609aa3a15ed8ac56c221/colorama-0.4.6-py2.py3-none-any.whl", hash = "sha256:4f1d9991f5acc0ca119f9d443620b77f9d6b33703e51011c16baf57afb285fc6", size = 25335, upload-time = "2022-10-25T02:36:20.889Z" },
]

[[package]]
name = "dulwich"
version = "1.2.14"
source = { registry = "https://pypi.org/simple" }
dependencies = [
    { name = "urllib3" },
]
sdist = { url = "https://files.pythonhosted.org/packages/0d/7b/d03c166f6098314824bdd2e661a32563c0ebe8c5e3344ed212d2ffc96a10/dulwich-1.2.14.tar.gz", hash = "sha256:ed8bfcfe1c7e187d1bc5e78f7c128a07d229d7b425433b04cbb89334678bd3b1", size = 1361695, upload-time = "2026-08-29T00:23:51.443Z" }
wheels = [
    { url = "https://files.pythonhosted.org/packages/5e/36/e587b7de0518375404d53a1973d87fbf3b3a6f8c71cfd52149a83b4f725c/dulwich-1.2.14-cp312-cp312-macosx_10_13_x86_64.whl", hash = "sha256:ec6aae1f9857609c99f1a7526dc2409a8a8dcf60ae2003b56e8afe0daa2eb909", size = 1391178, upload-time = "2026-08-29T00:22:30.346Z" },
    { url = "https://files.pythonhosted.org/packages/0d/35/6f41b0f97a8a29c352204d44cdde703db5057f7507f03a2c3aaf432c01ec/dulwich-1.2.14-cp312-cp312-macosx_11_0_arm64.whl", hash = "sha256:f8b5cf58e49b3afe5b0d9ccf7eb621b90ff54e1e1f65f6e60de7f0c009498948", size = 1373260, upload-time = "2026-08-29T00:22:32.446Z" },
    { url = "https://files.pythonhosted.org/packages/2c/49/bca41ab16905963a1efb045f122e69f89e8ead682a3be17a02e0701aa099/dulwich-1.2.14-cp312-cp312-manylinux_2_28_aarch64.whl", hash = "sha256:63ec5ccc659f5d8dcf6b9948595abb0193a472998dd5ee23f2d4d43b73bbc169", size = 1459332, upload-time = "2026-08-29T00:22:34.209Z" },
    { url = "https://files.pythonhosted.org/packages/6c/f4/583088cbf9333263fffa8c4169e81785deca9b1146d5e38e6625197334b1/dulwich-1.2.14-cp312-cp312-manylinux_2_28_x86_64.whl", hash = "sha256:ad8b6c0ec611170af13c0ddac0b3191a20dfcd69360a06df7e60faaae14c5b29", size = 1490883, upload-time = "2026-08-29T00:22:35.903Z" },
    { url = "https://files.pythonhosted.org/packages/db/0d/ee78b7cf721e941c2931e98f687bd21bc9f0d46ee300b4de0a69e3f3fc02/dulwich-1.2.14-cp312-cp312-win32.whl", hash = "sha256:a9a0925156b9ab9145193b21fbeab71efa9b607725e557bc88dc013c3da4ca54", size = 1059906, upload-time = "2026-08-29T00:22:38.098Z" },
    { url = "https://files.pythonhosted.org/packages/05/2c/26ab00d1cf50b77407ecafd9117127b38400101a0b73ca1deee90a85bd28/dulwich-1.2.14-cp312-cp312-win_amd64.whl", hash = "sha256:be612395e0899321732835372e317adf75fe18cbeaf1b51b9df5af478a4c4674", size = 1076883, upload-time = "2026-08-29T00:22:40.264Z" },
    { url = "https://files.pythonhosted.org/packages/90/a2/0789fce68d3d2398ee2836e81497fb700f91da13f2df220c107839e3c5ff/dulwich-1.2.14-cp313-cp313-android_24_arm64_v8a.whl", hash = "sha256:56d020eec2fa99ca47914bb635a1c60ca2b8c0a16289ee3c0a2c0c57ad068eff", size = 1539244, upload-time = "2026-08-29T00:22:42.174Z" },
    { url = "https://files.pythonhosted.org/packages/c1/8d/8f4bafa0420584f5032c8e324a4a71e7d66032a4751972b6bc828cc0cf27/dulwich-1.2.14-cp313-cp313-android_24_x86_64.whl", hash = "sha256:cb0b668a33fec5c413dc878ee6c6c84086ab4fff054685f2d466890d4d46ebfe", size = 1531130, upload-time = "2026-08-29T00:22:44.21Z" },
    { url = "https://files.pythonhosted.org/packages/c5/a4/57061ecbdfa0f3380cf36fcbfe29378d7f6c0437048437b746ea5df2e008/dulwich-1.2.14-cp313-cp313-macosx_10_13_x86_64.whl", hash = "sha256:99054b570b017f03e093eec8d35089fad612655c90d45d2fa32734651746047b", size = 1390891, upload-time = "2026-08-29T00:22:46.258Z" },
    { url = "https://files.pythonhosted.org/packages/3b/d7/020649b22486a126fc9d6880c364b42562977bb2bd66d4cb4fbf00789ec3/dulwich-1.2.14-cp313-cp313-macosx_11_0_arm64.whl", hash = "sha256:e9a944a28dd246fe05f5465384319044cc6e36849f7a880194abed0daa89111b", size = 1372999, upload-time = "2026-08-29T00:22:48.075Z" },
    { url = "https://files.pythonhosted.org/packages/17/01/b592e8f3b3de2cf3c3c773f521e3834cb7c8bc1b944c0c6c912e58d62460/dulwich-1.2.14-cp313-cp313-manylinux_2_28_aarch64.whl", hash = "sha256:26440ebc7b8208edf9f251a7820a618bbdb53f1af71f2e5817bdbe3e6d24405d", size = 1459517, upload-time = "2026-08-29T00:22:49.875Z" },
    { url = "https://files.pythonhosted.org/packages/5c/54/3ddaada9e16238a5f0103262ba79904a48cc87fc63300fb93a7417fc2873/dulwich-1.2.14-cp313-cp313-manylinux_2_28_x86_64.whl", hash = "sha256:e0f583a85a40a38400ce4374edccc2e6a4a5c5f34d4ab272b1d2d4fd3358944d", size = 1490305, upload-time = "2026-08-29T00:22:51.761Z" },
    { url = "https://files.pythonhosted.org/packages/78/b9/27f98460338fdd36347cbe6f935b59726a6e81fe3ecf0d4be7bfd812d583/dulwich-1.2.14-cp313-cp313-win32.whl", hash = "sha256:7945d09443bf775cc7d6354527077d5084087f8a4cdc25f88bb636c7e2d2185e", size = 1059632, upload-time = "2026-08-29T00:22:53.518Z" },
    { url = "https://files.pythonhosted.org/packages/2e/50/323cd70a221a68ff03526010e319e60fa84193657ee35c14156495441752/dulwich-1.2.14-cp313-cp313-win_amd64.whl", hash = "sha256:aca527f393e5fca268bae656353dd21b20916bac5f5ac16b1bf2023e8f908c3f", size = 1076466, upload-time = "2026-08-29T00:22:55.315Z" },
    { url = "https://files.pythonhosted.org/packages/b4/9f/ee4094d00287aafde2223d698069c8364a144ae742a6064b8ac32841efff/dulwich-1.2.14-cp314-cp314-android_24_arm64_v8a.whl", hash = "sha256:d64e7439e22fa06ca5c34cc4c8604f4bd999a1e9eeac01c38fd07d9c763e6e61", size = 1586717, upload-time = "2026-08-29T00:22:57.089Z" },
    { url = "https://files.pythonhosted.org/packages/b9/ca/19b9eea408d5d63eb5b3bee75802c723b8a4e9409514b63923c6ebca7def/dulwich-1.2.14-cp314-cp314-android_24_x86_64.whl", hash = "sha256:3600e3b96b8264bd8c6a0a60ab35456c78f4a0a74f24c22cfbbda9cf490d268c", size = 1534557, upload-time = "2026-08-29T00:22:58.895Z" },
    { url = "https://files.pythonhosted.org/packages/33/58/35b1d76b204de17b35c8456fbb85a4d1d84ee8deee91d2105733b0de0d47/dulwich-1.2.14-cp314-cp314-macosx_10_15_x86_64.whl", hash = "sha256:2fbc88c17627f59f61ae16046d6043441825d7c64f9decb14e5133504401d35e", size = 1394586, upload-time = "2026-08-29T00:23:00.535Z" },
    { url = "https://files.pythonhosted.org/packages/91/d0/61121bff6741b9093dde32aad1d756cfc58ff92c719accba1bc05c08be1f/dulwich-1.2.14-cp314-cp314-macosx_11_0_arm64.whl", hash = "sha256:f2c9299b83392d5634f713b586ff2e179ad79f0e16d7d571f07847b356cbd7ee", size = 1376998, upload-time = "2026-08-29T00:23:02.337Z" },
    { url = "https://files.pythonhosted.org/packages/1b/c5/86e473a7187fae33e3f3d478e72e18166a5a986275c8c6307e7198c96d8a/dulwich-1.2.14-cp314-cp314-manylinux_2_28_aarch64.whl", hash = "sha256:a839358029e679c1f18a1fcce847d48ed9b0df7469310c72a3878c4e167447ee", size = 1461994, upload-time = "2026-08-29T00:23:04.171Z" },
    { url = "https://files.pythonhosted.org/packages/80/b2/d56697144814152a6c8c7e94ba9ee28d180acf0c56b22a734004d8a727f4/dulwich-1.2.14-cp314-cp314-manylinux_2_28_x86_64.whl", hash = "sha256:26a36829b8590c2c431d86acc6ec4d95d708a5efbc3df0e6cb151fa8baa7b607", size = 1492031, upload-time = "2026-08-29T00:23:06.09Z" },
    { url = "https://files.pythonhosted.org/packages/b3/14/593d5f8338a4c6bce10e9913ac35f3c02fffa969771fb012ef29882505ca/dulwich-1.2.14-cp314-cp314-win32.whl", hash = "sha256:15254f4cb99ccd833cb7837edfad2b5503c13e0f3a672cedebea540b3913b335", size = 1115801, upload-time = "2026-08-29T00:23:07.943Z" },
    { url = "https://files.pythonhosted.org/packages/36/35/49b382f3ed6f7ab7be9fb63808a43bd30ee3b8df67c8d7438f0091603212/dulwich-1.2.14-cp314-cp314-win_amd64.whl", hash = "sha256:eeebe931e218311d22ddfebf56c58fcdfc78110cd51a773b56e96a8bda3ef965", size = 1087988, upload-time = "2026-08-29T00:23:09.617Z" },
    { url = "https://files.pythonhosted.org/packages/f9/aa/eee4e39bf9d43e03b25ba3ab82bf72d786a2689d8c6a6f7faebcb729f4dc/dulwich-1.2.14-cp314-cp314t-macosx_10_15_x86_64.whl", hash = "sha256:80641cc3a54a0ed50d541aa6e21e3ea80eb7e062b137da1078bdf5a842d50483", size = 1437552, upload-time = "2026-08-29T00:23:11.703Z" },
    { url = "https://files.pythonhosted.org/packages/17/c9/3634727e76a59d49cdaeb9605516fbafc599f7188951dd01708399830f98/dulwich-1.2.14-cp314-cp314t-macosx_11_0_arm64.whl", hash = "sha256:036dfff7274e74bb81751f8c3b1ed73eeb8cc37291859c2968cd191a57641e5d", size = 1417169, upload-time = "2026-08-29T00:23:13.793Z" },
    { url = "https://files.pythonhosted.org/packages/70/63/ca17bbd708b56687093d7e9278944908f1471e72e95b5e97848d96619675/dulwich-1.2.14-cp314-cp314t-manylinux_2_28_aarch64.whl", hash = "sha256:ecdde801f145fa4cccf87914b61d34b3ba8e70b3c7e054447c07e119eeb48f43", size = 1458574, upload-time = "2026-08-29T00:23:15.906Z" },
    { url = "https://files.pythonhosted.org/packages/ec/c3/627bd8e13bc55476967ac9849b3b040596b4e9b012558abaf960698c55d8/dulwich-1.2.14-cp314-cp314t-manylinux_2_28_x86_64.whl", hash = "sha256:404d6b78d2012299eff296f1baa808b03cf1c04dcce0972efe79005bac1861a0", size = 1539905, upload-time = "2026-08-29T00:23:17.758Z" },
    { url = "https://files.pythonhosted.org/packages/df/ba/d09db29726b7f62f61e66c46888b686a5a995b034631b8baa2b9a48ed381/dulwich-1.2.14-cp314-cp314t-win32.whl", hash = "sha256:cf1f6e0d737c25a1c8826cd38fafceb098690dbe908c2548e939d48961f6b506", size = 1068823, upload-time = "2026-08-29T00:23:19.538Z" },
    { url = "https://files.pythonhosted.org/packages/33/a1/3f3c2b421b63031626d3042ae732b46d499a88b68bb0c3e33beb5bd8a3b5/dulwich-1.2.14-cp314-cp314t-win_amd64.whl", hash = "sha256:7f27b3552ca788bccd271b91c07445acf4815c15c0bc4bec288bdda854145ff5", size = 1128065, upload-time = "2026-08-29T00:23:21.409Z" },
    { url = "https://files.pythonhosted.org/packages/23/cf/deee74fdf531e771479251b732bd7bd12556d5bac3f231ce38122c66aec8/dulwich-1.2.14-cp315-cp315-android_24_arm64_v8a.whl", hash = "sha256:2ba0ad8dd5505830795e668859d920d10cb233bacde03861f420d8b2a9cc5038", size = 1586068, upload-time = "2026-08-29T00:23:23.333Z" },
    { url = "https://files.pythonhosted.org/packages/24/e2/b976560e999e79bc380fc67899b2dfc4f1f11d86a5bc982c55d8dad498c7/dulwich-1.2.14-cp315-cp315-android_24_x86_64.whl", hash = "sha256:185e7f56a9e59e868905e88a8e8a1ea2f9cbfc14545166c6145317e2b25a9fcf", size = 1534576, upload-time = "2026-08-29T00:23:25.054Z" },
    { url = "https://files.pythonhosted.org/packages/d1/a5/5e7535b17f988b8c7aa07baff63bd555a7d11b9fb5383b8cb589cf263476/dulwich-1.2.14-cp315-cp315-macosx_10_15_x86_64.whl", hash = "sha256:04df44a08aa7597f2d4bc4bb1295e99a8d0f59878c1d6de02d5eb528078bc7cb", size = 1394912, upload-time = "2026-08-29T00:23:26.755Z" },
    { url = "https://files.pythonhosted.org/packages/fd/22/1b31e90f6b9b1f4fcff84cd15a4f4223497966f40234d675e2c0bf6c5363/dulwich-1.2.14-cp315-cp315-macosx_11_0_arm64.whl", hash = "sha256:88e84dc25220f2a78455964bcb3dd8d813e3e442f444ed2a9d26786bca382430", size = 1377173, upload-time = "2026-08-29T00:23:28.63Z" },
    { url = "https://files.pythonhosted.org/packages/18/eb/951fa6624e50b772bbbb15a75bc5669ae954d08170dd7b72f8e51fa33cba/dulwich-1.2.14-cp315-cp315-manylinux_2_28_aarch64.whl", hash = "sha256:ca4a6bf4ca6d9a0025523284ce82a89d6b709684c3cb25a896f407c4a55d51bc", size = 1462641, upload-time = "2026-08-29T00:23:30.469Z" },
    { url = "https://files.pythonhosted.org/packages/45/c4/e219b9e16452843b54caa98accf42bb8af493706bba292ef06ba1871cfad/dulwich-1.2.14-cp315-cp315-manylinux_2_28_x86_64.whl", hash = "sha256:26d36df85e4247427616ad2e4aa7698adba55ee6d8c83fa5dbe93aacc2250f2f", size = 1540358, upload-time = "2026-08-29T00:23:32.517Z" },
    { url = "https://files.pythonhosted.org/packages/10/55/5bc35e5a360be319a43a3140d632d79ea7e00230d936cde7b5418ac8f9d1/dulwich-1.2.14-cp315-cp315-win32.whl", hash = "sha256:544e17060c9b32d16355ac2ee59cb9be5f2407d0c9ea96fad67439cc40c8e572", size = 1116024, upload-time = "2026-08-29T00:23:34.459Z" },
    { url = "https://files.pythonhosted.org/packages/45/9c/20a14d0b952b7383f6b61b293560a03eb7ac19104c3c684064df8a575c59/dulwich-1.2.14-cp315-cp315-win_amd64.whl", hash = "sha256:2473ce5a687234458c740c5b2c3ba595cc8fbd3ffb575b3b80deb992b261efe3", size = 1130496, upload-time = "2026-08-29T00:23:36.283Z" },
    { url = "https://files.pythonhosted.org/packages/ae/73/5f6749e77104e66cdf5bfe91f64f01729aaa8c4f2d56df9be0931b01f3ed/dulwich-1.2.14-cp315-cp315t-macosx_10_15_x86_64.whl", hash = "sha256:24caa9f3d16a5d1f90d3e635e1f07035ad5bb23aa909524072eaac7d11810d7b", size = 1393002, upload-time = "2026-08-29T00:23:38.189Z" },
    { url = "https://files.pythonhosted.org/packages/b1/35/ee149973d5757a85e315c4a40a5fb791d9c8852b65312f8b02c71720fa31/dulwich-1.2.14-cp315-cp315t-macosx_11_0_arm64.whl", hash = "sha256:fed41be710a615f39b935531f9354dee6b69f5c4ccf84d532711f669167e961c", size = 1418271, upload-time = "2026-08-29T00:23:40.256Z" },
    { url = "https://files.pythonhosted.org/packages/2e/9b/f7a5536d8d810c90ad7d337af763e2afd713f4d2237deac34fade3ad1b50/dulwich-1.2.14-cp315-cp315t-manylinux_2_28_aarch64.whl", hash = "sha256:89aa99ae03475f12a7e66c4f649cf4b653e457b63dca1acc7b7579ca3d7aed51", size = 1459927, upload-time = "2026-08-29T00:23:42.301Z" },
    { url = "https://files.pythonhosted.org/packages/8c/5f/13e07d1a1ab152dcbe0433791f1aed66c8b21790270ee3e7424c3559dc98/dulwich-1.2.14-cp315-cp315t-manylinux_2_28_x86_64.whl", hash = "sha256:2e5b14e5d01b7020a39acad4d7990c5da379ac0cba08d1d7121f3d036dc80983", size = 1493129, upload-time = "2026-08-29T00:23:44.198Z" },
    { url = "https://files.pythonhosted.org/packages/d1/2d/708f306c280f1194819e25d1f30604308290801c0ad7be906212d396c827/dulwich-1.2.14-cp315-cp315t-win32.whl", hash = "sha256:03a54c8878b690a8894f5ec2ce0c8b671c50180412f35dd0c4e833c0001f8d8b", size = 1068908, upload-time = "2026-08-29T00:23:45.968Z" },
    { url = "https://files.pythonhosted.org/packages/b4/84/d372255294bfd4dc31592f163207e12a76cfa876f32511e61baf1e3c68d6/dulwich-1.2.14-cp315-cp315t-win_amd64.whl", hash = "sha256:a13c17d64e018283a4dce77281d54a9efda73c2de739eb0444cbef288b3fcbbf", size = 1085863, upload-time = "2026-08-29T00:23:47.898Z" },
    { url = "https://files.pythonhosted.org/packages/c2/45/5c62eeb71c6005fa4f1b5101def14271eb1063720fefcde17bcc95c0fb42/dulwich-1.2.14-py3-none-any.whl", hash = "sha256:3e1b6e13e23f9bc633fd249563e4d7a946d7d470f210967853ae0991589edd11", size = 730142, upload-time = "2026-08-29T00:23:49.691Z" },
]

[[package]]
name = "fileplan"
version = "0.6.0"
source = { editable = "." }
dependencies = [
    { name = "click" },
    { name = "dulwich" },
]

[package.dev-dependencies]
dev = [
    { name = "pytest" },
]

[package.metadata]
requires-dist = [
    { name = "click", specifier = ">=8.1" },
    { name = "dulwich", specifier = ">=1.2.14" },
]

[package.metadata.requires-dev]
dev = [{ name = "pytest", specifier = ">=8.0" }]

[[package]]
name = "iniconfig"
version = "2.3.0"
source = { registry = "https://pypi.org/simple" }
sdist = { url = "https://files.pythonhosted.org/packages/72/34/14ca021ce8e5dfedc35312d08ba8bf51fdd999c576889fc2c24cb97f4f10/iniconfig-2.3.0.tar.gz", hash = "sha256:c76315c77db068650d49c5b56314774a7804df16fee4402c1f19d6d15d8c4730", size = 20503, upload-time = "2025-10-18T21:55:43.219Z" }
wheels = [
    { url = "https://files.pythonhosted.org/packages/cb/b1/3846dd7f199d53cb17f49cba7e651e9ce294d8497c8c150530ed11865bb8/iniconfig-2.3.0-py3-none-any.whl", hash = "sha256:f631c04d2c48c52b84d0d0549c99ff3859c98df65b3101406327ecc7d53fbf12", size = 7484, upload-time = "2025-10-18T21:55:41.639Z" },
]

[[package]]
name = "packaging"
version = "26.3"
source = { registry = "https://pypi.org/simple" }
sdist = { url = "https://files.pythonhosted.org/packages/7d/fa/3944b40b07da9ce895c0e6303a5ab7d53da063554f534556b134a54d6093/packaging-26.3.tar.gz", hash = "sha256:94edc256424af38762eb31306eed28beb9f0efc50a8837492c9d6fd6004aed79", size = 313412, upload-time = "2026-08-04T18:15:28.737Z" }
wheels = [
    { url = "https://files.pythonhosted.org/packages/63/34/ba1c580383c9eada3711951fef0795c80b829a078d72188184bcab9dd527/packaging-26.3-py3-none-any.whl", hash = "sha256:d7193f7c8e4e93f444fde0262bf90af30e16fa0ad0ad44cb553c87339b23cd1c", size = 129956, upload-time = "2026-08-04T18:15:27.159Z" },
]

[[package]]
name = "pluggy"
version = "1.6.0"
source = { registry = "https://pypi.org/simple" }
sdist = { url = "https://files.pythonhosted.org/packages/f9/e2/3e91f31a7d2b083fe6ef3fa267035b518369d9511ffab804f839851d2779/pluggy-1.6.0.tar.gz", hash = "sha256:7dcc130b76258d33b90f61b658791dede3486c3e6bfb003ee5c9bfb396dd22f3", size = 69412, upload-time = "2025-05-15T12:30:07.975Z" }
wheels = [
    { url = "https://files.pythonhosted.org/packages/54/20/4d324d65cc6d9205fabedc306948156824eb9f0ee1633355a8f7ec5c66bf/pluggy-1.6.0-py3-none-any.whl", hash = "sha256:e920276dd6813095e9377c0bc5566d94c932c33b27a3e3945d8389c374dd4746", size = 20538, upload-time = "2025-05-15T12:30:06.134Z" },
]

[[package]]
name = "pygments"
version = "2.21.0"
source = { registry = "https://pypi.org/simple" }
sdist = { url = "https://files.pythonhosted.org/packages/49/2e/ced460408999b33da6b31b0021b0f37d329e202d4169aeb164493778f25b/pygments-2.21.0.tar.gz", hash = "sha256:610ca751c9bc2492b38eb9a38a7fbc93edbbb2d7182edaf34e66ae493dee5c8c", size = 5005329, upload-time = "2026-08-17T08:02:48.824Z" }
wheels = [
    { url = "https://files.pythonhosted.org/packages/71/46/17f022dd3e953bf20a04a028a21ec746d942f8d2af30fa0f124fa0e6a684/pygments-2.21.0-py3-none-any.whl", hash = "sha256:2363c69b61c4a97c838da3b130dcd6468f4848992b21a82f2a63ec34377137d9", size = 1250147, upload-time = "2026-08-17T08:02:44.912Z" },
]

[[package]]
name = "pytest"
version = "9.1.1"
source = { registry = "https://pypi.org/simple" }
dependencies = [
    { name = "colorama", marker = "sys_platform == 'win32'" },
    { name = "iniconfig" },
    { name = "packaging" },
    { name = "pluggy" },
    { name = "pygments" },
]
sdist = { url = "https://files.pythonhosted.org/packages/e4/47/b9efed96c114afcfa3c9d3fe98a76a1d14c74a9e266d397cf6eb64be5e01/pytest-9.1.1.tar.gz", hash = "sha256:1088fbde8f2b49d95a549a195707afa7a76a3ce9bcadc26b6d71f0ffda5fe313", size = 1636369, upload-time = "2026-06-19T10:58:32.857Z" }
wheels = [
    { url = "https://files.pythonhosted.org/packages/24/25/1de2678b631f5a49215c6c96fff41ba892b0a34df68d6d80292b1b48aa7f/pytest-9.1.1-py3-none-any.whl", hash = "sha256:37a86b45efb9a47a61a36449063e8e18d0cab3161329fc099eb21783169c4f0c", size = 386536, upload-time = "2026-06-19T10:58:31.347Z" },
]

[[package]]
name = "urllib3"
version = "2.7.0"
source = { registry = "https://pypi.org/simple" }
sdist = { url = "https://files.pythonhosted.org/packages/53/0c/06f8b233b8fd13b9e5ee11424ef85419ba0d8ba0b3138bf360be2ff56953/urllib3-2.7.0.tar.gz", hash = "sha256:231e0ec3b63ceb14667c67be60f2f2c40a518cb38b03af60abc813da26505f4c", size = 433602, upload-time = "2026-05-07T16:13:18.596Z" }
wheels = [
    { url = "https://files.pythonhosted.org/packages/7f/3e/5db95bcf282c52709639744ca2a8b149baccf648e39c8cc87553df9eae0c/urllib3-2.7.0-py3-none-any.whl", hash = "sha256:9fb4c81ebbb1ce9531cce37674bbc6f1360472bc18ca9a553ede278ef7276897", size = 131087, upload-time = "2026-05-07T16:13:17.151Z" },
]
